
Microsoft Visual Studio Solution File, Format Version 12.00
# Visual Studio 15
VisualStudioVersion = 15.0.27130.2010
MinimumVisualStudioVersion = 10.0.40219.1
Project("{FAE04EC0-301F-11D3-BF4B-00C04F79EFBC}") = "Razor", "Razor\Razor.csproj", "{A6E05EB6-F4F7-4F10-9966-7E1A80D67CA9}"
EndProject
Global
	GlobalSection(SolutionConfigurationPlatforms) = preSolution
		Debug|Any CPU = Debug|Any CPU
		Release|Any CPU = Release|Any CPU
	EndGlobalSection
	GlobalSection(ProjectConfigurationPlatforms) = postSolution
		{A6E05EB6-F4F7-4F10-9966-7E1A80D67CA9}.Debug|Any CPU.ActiveCfg = Debug|Any CPU
		{A6E05EB6-F4F7-4F10-9966-7E1A80D67CA9}.Debug|Any CPU.Build.0 = Debug|Any CPU
		{A6E05EB6-F4F7-4F10-9966-7E1A80D67CA9}.Release|Any CPU.ActiveCfg = Release|Any CPU
		{A6E05EB6-F4F7-4F10-9966-7E1A80D67CA9}.Release|Any CPU.Build.0 = Release|Any CPU
	EndGlobalSection
	GlobalSection(SolutionProperties) = preSolution
		HideSolutionNode = FALSE
	EndGlobalSection
	GlobalSection(ExtensibilityGlobals) = postSolution
		SolutionGuid = {B6B6D5FE-608C-413E-B9B9-411F4F27E835}
	EndGlobalSection
EndGlobal
